
Microsoft Visual Studio Solution File, Format Version 12.00
# Visual Studio Version 17
VisualStudioVersion = 17.0.31903.59
MinimumVisualStudioVersion = 10.0.40219.1
Project("{FAE04EC0-301F-11D3-BF4B-00C04F79EFBC}") = "HotelManagementSystem", "HotelManagementSystem\HotelManagementSystem.csproj", "{71B90C21-114D-42B9-A07E-6F6ECC2448FB}"
EndProject
Global
	GlobalSection(SolutionConfigurationPlatforms) = preSolution
		Debug|Any CPU = Debug|Any CPU
		Release|Any CPU = Release|Any CPU
	EndGlobalSection
	GlobalSection(SolutionProperties) = preSolution
		HideSolutionNode = FALSE
	EndGlobalSection
	GlobalSection(ProjectConfigurationPlatforms) = postSolution
		{71B90C21-114D-42B9-A07E-6F6ECC2448FB}.Debug|Any CPU.ActiveCfg = Debug|Any CPU
		{71B90C21-114D-42B9-A07E-6F6ECC2448FB}.Debug|Any CPU.Build.0 = Debug|Any CPU
		{71B90C21-114D-42B9-A07E-6F6ECC2448FB}.Release|Any CPU.ActiveCfg = Release|Any CPU
		{71B90C21-114D-42B9-A07E-6F6ECC2448FB}.Release|Any CPU.Build.0 = Release|Any CPU
	EndGlobalSection
EndGlobal
